// !$*UTF8*$!
{
	archiveVersion = 1;
	classes = {
	};
	objectVersion = 46;
	objects = {

/* Begin PBXBuildFile section */
		EFE42DC21ED67A3800F1A49E /* JLBannerView.m in Sources */ = {isa = PBXBuildFile; fileRef = EFE42DC11ED67A3800F1A49E /* JLBannerView.m */; };
		EFE42DC41ED67E0400F1A49E /* JLBannerView.podspec in Resources */ = {isa = PBXBuildFile; fileRef = EFE42DC31ED67E0400F1A49E /* JLBannerView.podspec */; };
		EFF6C9361ED670C10016384A /* AppDelegate.swift in Sources */ = {isa = PBXBuildFile; fileRef = EFF6C9351ED670C10016384A /* AppDelegate.swift */; };
		EFF6C93B1ED670C10016384A /* Main.storyboard in Resources */ = {isa = PBXBuildFile; fileRef = EFF6C9391ED670C10016384A /* Main.storyboard */; };
		EFF6C93D1ED670C10016384A /* Assets.xcassets in Resources */ = {isa = PBXBuildFile; fileRef = EFF6C93C1ED670C10016384A /* Assets.xcassets */; };
		EFF6C9401ED670C10016384A /* LaunchScreen.storyboard in Resources */ = {isa = PBXBuildFile; fileRef = EFF6C93E1ED670C10016384A /* LaunchScreen.storyboard */; };
		EFF6C9511ED671000016384A /* CollectionViewController.swift in Sources */ = {isa = PBXBuildFile; fileRef = EFF6C94F1ED671000016384A /* CollectionViewController.swift */; };
		EFF6C9521ED671000016384A /* CastBannerCell.swift in Sources */ = {isa = PBXBuildFile; fileRef = EFF6C9501ED671000016384A /* CastBannerCell.swift */; };
/* End PBXBuildFile section */

/* Begin PBXFileReference section */
		EFE42DC01ED67A3800F1A49E /* JLBannerView.h */ = {isa = PBXFileReference; fileEncoding = 4; lastKnownFileType = sourcecode.c.h; path = JLBannerView.h; sourceTree = "<group>"; };
		EFE42DC11ED67A3800F1A49E /* JLBannerView.m */ = {isa = PBXFileReference; fileEncoding = 4; lastKnownFileType = sourcecode.c.objc; path = JLBannerView.m; sourceTree = "<group>"; };
		EFE42DC31ED67E0400F1A49E /* JLBannerView.podspec */ = {isa = PBXFileReference; fileEncoding = 4; lastKnownFileType = text; name = JLBannerView.podspec; path = ../JLBannerView.podspec; sourceTree = "<group>"; };
		EFF6C9321ED670C10016384A /* JLBannerViewDemo.app */ = {isa = PBXFileReference; explicitFileType = wrapper.application; includeInIndex = 0; path = JLBannerViewDemo.app; sourceTree = BUILT_PRODUCTS_DIR; };
		EFF6C9351ED670C10016384A /* AppDelegate.swift */ = {isa = PBXFileReference; lastKnownFileType = sourcecode.swift; path = AppDelegate.swift; sourceTree = "<group>"; };
		EFF6C93A1ED670C10016384A /* Base */ = {isa = PBXFileReference; lastKnownFileType = file.storyboard; name = Base; path = Base.lproj/Main.storyboard; sourceTree = "<group>"; };
		EFF6C93C1ED670C10016384A /* Assets.xcassets */ = {isa = PBXFileReference; lastKnownFileType = folder.assetcatalog; path = Assets.xcassets; sourceTree = "<group>"; };
		EFF6C93F1ED670C10016384A /* Base */ = {isa = PBXFileReference; lastKnownFileType = file.storyboard; name = Base; path = Base.lproj/LaunchScreen.storyboard; sourceTree = "<group>"; };
		EFF6C9411ED670C10016384A /* Info.plist */ = {isa = PBXFileReference; lastKnownFileType = text.plist.xml; path = Info.plist; sourceTree = "<group>"; };
		EFF6C9471ED670D10016384A /* JLBannerViewDemo-Bridging-Header.h */ = {isa = PBXFileReference; lastKnownFileType = sourcecode.c.h; path = "JLBannerViewDemo-Bridging-Header.h"; sourceTree = "<group>"; };
		EFF6C94F1ED671000016384A /* CollectionViewController.swift */ = {isa = PBXFileReference; fileEncoding = 4; lastKnownFileType = sourcecode.swift; path = CollectionViewController.swift; sourceTree = "<group>"; };
		EFF6C9501ED671000016384A /* CastBannerCell.swift */ = {isa = PBXFileReference; fileEncoding = 4; lastKnownFileType = sourcecode.swift; path = CastBannerCell.swift; sourceTree = "<group>"; };
/* End PBXFileReference section */

/* Begin PBXFrameworksBuildPhase section */
		EFF6C92F1ED670C10016384A /* Frameworks */ = {
			isa = PBXFrameworksBuildPhase;
			buildActionMask = 2147483647;
			files = (
			);
			runOnlyForDeploymentPostprocessing = 0;
		};
/* End PBXFrameworksBuildPhase section */

/* Begin PBXGroup section */
		EFE42DBF1ED67A3800F1A49E /* JLBannerView */ = {
			isa = PBXGroup;
			children = (
				EFE42DC01ED67A3800F1A49E /* JLBannerView.h */,
				EFE42DC11ED67A3800F1A49E /* JLBannerView.m */,
			);
			name = JLBannerView;
			path = ../JLBannerView;
			sourceTree = "<group>";
		};
		EFF6C9291ED670C10016384A = {
			isa = PBXGroup;
			children = (
				EFE42DC31ED67E0400F1A49E /* JLBannerView.podspec */,
				EFE42DBF1ED67A3800F1A49E /* JLBannerView */,
				EFF6C9341ED670C10016384A /* JLBannerViewDemo */,
				EFF6C9331ED670C10016384A /* Products */,
				EFF6C9471ED670D10016384A /* JLBannerViewDemo-Bridging-Header.h */,
			);
			sourceTree = "<group>";
		};
		EFF6C9331ED670C10016384A /* Products */ = {
			isa = PBXGroup;
			children = (
				EFF6C9321ED670C10016384A /* JLBannerViewDemo.app */,
			);
			name = Products;
			sourceTree = "<group>";
		};
		EFF6C9341ED670C10016384A /* JLBannerViewDemo */ = {
			isa = PBXGroup;
			children = (
				EFF6C9351ED670C10016384A /* AppDelegate.swift */,
				EFF6C94F1ED671000016384A /* CollectionViewController.swift */,
				EFF6C9501ED671000016384A /* CastBannerCell.swift */,
				EFF6C9391ED670C10016384A /* Main.storyboard */,
				EFF6C93C1ED670C10016384A /* Assets.xcassets */,
				EFF6C93E1ED670C10016384A /* LaunchScreen.storyboard */,
				EFF6C9411ED670C10016384A /* Info.plist */,
			);
			path = JLBannerViewDemo;
			sourceTree = "<group>";
		};
/* End PBXGroup section */

/* Begin PBXNativeTarget section */
		EFF6C9311ED670C10016384A /* JLBannerViewDemo */ = {
			isa = PBXNativeTarget;
			buildConfigurationList = EFF6C9441ED670C10016384A /* Build configuration list for PBXNativeTarget "JLBannerViewDemo" */;
			buildPhases = (
				EFF6C92E1ED670C10016384A /* Sources */,
				EFF6C92F1ED670C10016384A /* Frameworks */,
				EFF6C9301ED670C10016384A /* Resources */,
			);
			buildRules = (
			);
			dependencies = (
			);
			name = JLBannerViewDemo;
			productName = JLBannerViewDemo;
			productReference = EFF6C9321ED670C10016384A /* JLBannerViewDemo.app */;
			productType = "com.apple.product-type.application";
		};
/* End PBXNativeTarget section */

/* Begin PBXProject section */
		EFF6C92A1ED670C10016384A /* Project object */ = {
			isa = PBXProject;
			attributes = {
				LastSwiftUpdateCheck = 0830;
				LastUpgradeCheck = 0830;
				ORGANIZATIONNAME = Woody;
				TargetAttributes = {
					EFF6C9311ED670C10016384A = {
						CreatedOnToolsVersion = 8.3.2;
						DevelopmentTeam = SCHCN3R38K;
						LastSwiftMigration = 0830;
						ProvisioningStyle = Automatic;
					};
				};
			};
			buildConfigurationList = EFF6C92D1ED670C10016384A /* Build configuration list for PBXProject "JLBannerViewDemo" */;
			compatibilityVersion = "Xcode 3.2";
			developmentRegion = English;
			hasScannedForEncodings = 0;
			knownRegions = (
				en,
				Base,
			);
			mainGroup = EFF6C9291ED670C10016384A;
			productRefGroup = EFF6C9331ED670C10016384A /* Products */;
			projectDirPath = "";
			projectRoot = "";
			targets = (
				EFF6C9311ED670C10016384A /* JLBannerViewDemo */,
			);
		};
/* End PBXProject section */

/* Begin PBXResourcesBuildPhase section */
		EFF6C9301ED670C10016384A /* Resources */ = {
			isa = PBXResourcesBuildPhase;
			buildActionMask = 2147483647;
			files = (
				EFF6C9401ED670C10016384A /* LaunchScreen.storyboard in Resources */,
				EFF6C93D1ED670C10016384A /* Assets.xcassets in Resources */,
				EFF6C93B1ED670C10016384A /* Main.storyboard in Resources */,
				EFE42DC41ED67E0400F1A49E /* JLBannerView.podspec in Resources */,
			);
			runOnlyForDeploymentPostprocessing = 0;
		};
/* End PBXResourcesBuildPhase section */

/* Begin PBXSourcesBuildPhase section */
		EFF6C92E1ED670C10016384A /* Sources */ = {
			isa = PBXSourcesBuildPhase;
			buildActionMask = 2147483647;
			files = (
				EFE42DC21ED67A3800F1A49E /* JLBannerView.m in Sources */,
				EFF6C9511ED671000016384A /* CollectionViewController.swift in Sources */,
				EFF6C9521ED671000016384A /* CastBannerCell.swift in Sources */,
				EFF6C9361ED670C10016384A /* AppDelegate.swift in Sources */,
			);
			runOnlyForDeploymentPostprocessing = 0;
		};
/* End PBXSourcesBuildPhase section */

/* Begin PBXVariantGroup section */
		EFF6C9391ED670C10016384A /* Main.storyboard */ = {
			isa = PBXVariantGroup;
			children = (
				EFF6C93A1ED670C10016384A /* Base */,
			);
			name = Main.storyboard;
			sourceTree = "<group>";
		};
		EFF6C93E1ED670C10016384A /* LaunchScreen.storyboard */ = {
			isa = PBXVariantGroup;
			children = (
				EFF6C93F1ED670C10016384A /* Base */,
			);
			name = LaunchScreen.storyboard;
			sourceTree = "<group>";
		};
/* End PBXVariantGroup section */

/* Begin XCBuildConfiguration section */
		EFF6C9421ED670C10016384A /* Debug */ = {
			isa = XCBuildConfiguration;
			buildSettings = {
				ALWAYS_SEARCH_USER_PATHS = NO;
				CLANG_ANALYZER_NONNULL = YES;
				CLANG_ANALYZER_NUMBER_OBJECT_CONVERSION = YES_AGGRESSIVE;
				CLANG_CXX_LANGUAGE_STANDARD = "gnu++0x";
				CLANG_CXX_LIBRARY = "libc++";
				CLANG_ENABLE_MODULES = YES;
				CLANG_ENABLE_OBJC_ARC = YES;
				CLANG_WARN_BOOL_CONVERSION = YES;
				CLANG_WARN_CONSTANT_CONVERSION = YES;
				CLANG_WARN_DIRECT_OBJC_ISA_USAGE = YES_ERROR;
				CLANG_WARN_DOCUMENTATION_COMMENTS = YES;
				CLANG_WARN_EMPTY_BODY = YES;
				CLANG_WARN_ENUM_CONVERSION = YES;
				CLANG_WARN_INFINITE_RECURSION = YES;
				CLANG_WARN_INT_CONVERSION = YES;
				CLANG_WARN_OBJC_ROOT_CLASS = YES_ERROR;
				CLANG_WARN_SUSPICIOUS_MOVE = YES;
				CLANG_WARN_UNREACHABLE_CODE = YES;
				CLANG_WARN__DUPLICATE_METHOD_MATCH = YES;
				"CODE_SIGN_IDENTITY[sdk=iphoneos*]" = "iPhone Developer";
				COPY_PHASE_STRIP = NO;
				DEBUG_INFORMATION_FORMAT = dwarf;
				ENABLE_STRICT_OBJC_MSGSEND = YES;
				ENABLE_TESTABILITY = YES;
				GCC_C_LANGUAGE_STANDARD = gnu99;
				GCC_DYNAMIC_NO_PIC = NO;
				GCC_NO_COMMON_BLOCKS = YES;
				GCC_OPTIMIZATION_LEVEL = 0;
				GCC_PREPROCESSOR_DEFINITIONS = (
					"DEBUG=1",
					"$(inherited)",
				);
				GCC_WARN_64_TO_32_BIT_CONVERSION = YES;
				GCC_WARN_ABOUT_RETURN_TYPE = YES_ERROR;
				GCC_WARN_UNDECLARED_SELECTOR = YES;
				GCC_WARN_UNINITIALIZED_AUTOS = YES_AGGRESSIVE;
				GCC_WARN_UNUSED_FUNCTION = YES;
				GCC_WARN_UNUSED_VARIABLE = YES;
				IPHONEOS_DEPLOYMENT_TARGET = 10.3;
				MTL_ENABLE_DEBUG_INFO = YES;
				ONLY_ACTIVE_ARCH = YES;
				SDKROOT = iphoneos;
				SWIFT_ACTIVE_COMPILATION_CONDITIONS = DEBUG;
				SWIFT_OPTIMIZATION_LEVEL = "-Onone";
			};
			name = Debug;
		};
		EFF6C9431ED670C10016384A /* Release */ = {
			isa = XCBuildConfiguration;
			buildSettings = {
				ALWAYS_SEARCH_USER_PATHS = NO;
				CLANG_ANALYZER_NONNULL = YES;
				CLANG_ANALYZER_NUMBER_OBJECT_CONVERSION = YES_AGGRESSIVE;
				CLANG_CXX_LANGUAGE_STANDARD = "gnu++0x";
				CLANG_CXX_LIBRARY = "libc++";
				CLANG_ENABLE_MODULES = YES;
				CLANG_ENABLE_OBJC_ARC = YES;
				CLANG_WARN_BOOL_CONVERSION = YES;
				CLANG_WARN_CONSTANT_CONVERSION = YES;
				CLANG_WARN_DIRECT_OBJC_ISA_USAGE = YES_ERROR;
				CLANG_WARN_DOCUMENTATION_COMMENTS = YES;
				CLANG_WARN_EMPTY_BODY = YES;
				CLANG_WARN_ENUM_CONVERSION = YES;
				CLANG_WARN_INFINITE_RECURSION = YES;
				CLANG_WARN_INT_CONVERSION = YES;
				CLANG_WARN_OBJC_ROOT_CLASS = YES_ERROR;
				CLANG_WARN_SUSPICIOUS_MOVE = YES;
				CLANG_WARN_UNREACHABLE_CODE = YES;
				CLANG_WARN__DUPLICATE_METHOD_MATCH = YES;
				"CODE_SIGN_IDENTITY[sdk=iphoneos*]" = "iPhone Developer";
				COPY_PHASE_STRIP = NO;
				DEBUG_INFORMATION_FORMAT = "dwarf-with-dsym";
				ENABLE_NS_ASSERTIONS = NO;
				ENABLE_STRICT_OBJC_MSGSEND = YES;
				GCC_C_LANGUAGE_STANDARD = gnu99;
				GCC_NO_COMMON_BLOCKS = YES;
				GCC_WARN_64_TO_32_BIT_CONVERSION = YES;
				GCC_WARN_ABOUT_RETURN_TYPE = YES_ERROR;
				GCC_WARN_UNDECLARED_SELECTOR = YES;
				GCC_WARN_UNINITIALIZED_AUTOS = YES_AGGRESSIVE;
				GCC_WARN_UNUSED_FUNCTION = YES;
				GCC_WARN_UNUSED_VARIABLE = YES;
				IPHONEOS_DEPLOYMENT_TARGET = 10.3;
				MTL_ENABLE_DEBUG_INFO = NO;
				SDKROOT = iphoneos;
				SWIFT_OPTIMIZATION_LEVEL = "-Owholemodule";
				VALIDATE_PRODUCT = YES;
			};
			name = Release;
		};
		EFF6C9451ED670C10016384A /* Debug */ = {
			isa = XCBuildConfiguration;
			buildSettings = {
				ASSETCATALOG_COMPILER_APPICON_NAME = AppIcon;
				CLANG_ENABLE_MODULES = YES;
				DEVELOPMENT_TEAM = SCHCN3R38K;
				INFOPLIST_FILE = JLBannerViewDemo/Info.plist;
				LD_RUNPATH_SEARCH_PATHS = "$(inherited) @executable_path/Frameworks";
				PRODUCT_BUNDLE_IDENTIFIER = JLSeries.JLBannerViewDemo;
				PRODUCT_NAME = "$(TARGET_NAME)";
				SWIFT_OBJC_BRIDGING_HEADER = "JLBannerViewDemo-Bridging-Header.h";
				SWIFT_OPTIMIZATION_LEVEL = "-Onone";
				SWIFT_VERSION = 3.0;
			};
			name = Debug;
		};
		EFF6C9461ED670C10016384A /* Release */ = {
			isa = XCBuildConfiguration;
			buildSettings = {
				ASSETCATALOG_COMPILER_APPICON_NAME = AppIcon;
				CLANG_ENABLE_MODULES = YES;
				DEVELOPMENT_TEAM = SCHCN3R38K;
				INFOPLIST_FILE = JLBannerViewDemo/Info.plist;
				LD_RUNPATH_SEARCH_PATHS = "$(inherited) @executable_path/Frameworks";
				PRODUCT_BUNDLE_IDENTIFIER = JLSeries.JLBannerViewDemo;
				PRODUCT_NAME = "$(TARGET_NAME)";
				SWIFT_OBJC_BRIDGING_HEADER = "JLBannerViewDemo-Bridging-Header.h";
				SWIFT_VERSION = 3.0;
			};
			name = Release;
		};
/* End XCBuildConfiguration section */

/* Begin XCConfigurationList section */
		EFF6C92D1ED670C10016384A /* Build configuration list for PBXProject "JLBannerViewDemo" */ = {
			isa = XCConfigurationList;
			buildConfigurations = (
				EFF6C9421ED670C10016384A /* Debug */,
				EFF6C9431ED670C10016384A /* Release */,
			);
			defaultConfigurationIsVisible = 0;
			defaultConfigurationName = Release;
		};
		EFF6C9441ED670C10016384A /* Build configuration list for PBXNativeTarget "JLBannerViewDemo" */ = {
			isa = XCConfigurationList;
			buildConfigurations = (
				EFF6C9451ED670C10016384A /* Debug */,
				EFF6C9461ED670C10016384A /* Release */,
			);
			defaultConfigurationIsVisible = 0;
			defaultConfigurationName = Release;
		};
/* End XCConfigurationList section */
	};
	rootObject = EFF6C92A1ED670C10016384A /* Project object */;
}
